
Microsoft Visual Studio Solution File, Format Version 12.00
# Visual Studio Version 17
VisualStudioVersion = 17.6.33815.320
MinimumVisualStudioVersion = 10.0.40219.1
Project("{9A19103F-16F7-4668-BE54-9A1E7A4F7556}") = "My-Schedule.APIGateway", "My-Schedule.APIGateway\My-Schedule.APIGateway.csproj", "{09ABF596-E610-4B9A-B8BC-8F706E43E4CD}"
EndProject
Project("{9A19103F-16F7-4668-BE54-9A1E7A4F7556}") = "My-Schedule.AuthService", "My-Schedule.AuthService\My-Schedule.AuthService.csproj", "{2A996F06-27FD-40D8-9DB6-A7608D73F40F}"
EndProject
Project("{9A19103F-16F7-4668-BE54-9A1E7A4F7556}") = "My-Schedule.Shared", "My-Schedule.Shared\My-Schedule.Shared.csproj", "{0C120126-7970-428B-B889-9640BA31AC72}"
EndProject
Project("{9A19103F-16F7-4668-BE54-9A1E7A4F7556}") = "My-Schedule.UserService", "My-Schedule.UserService\My-Schedule.UserService.csproj", "{62A66D09-7D25-4A81-B288-72BC9C213516}"
EndProject
Global
	GlobalSection(SolutionConfigurationPlatforms) = preSolution
		Debug|Any CPU = Debug|Any CPU
		Release|Any CPU = Release|Any CPU
	EndGlobalSection
	GlobalSection(ProjectConfigurationPlatforms) = postSolution
		{09ABF596-E610-4B9A-B8BC-8F706E43E4CD}.Debug|Any CPU.ActiveCfg = Debug|Any CPU
		{09ABF596-E610-4B9A-B8BC-8F706E43E4CD}.Debug|Any CPU.Build.0 = Debug|Any CPU
		{09ABF596-E610-4B9A-B8BC-8F706E43E4CD}.Release|Any CPU.ActiveCfg = Release|Any CPU
		{09ABF596-E610-4B9A-B8BC-8F706E43E4CD}.Release|Any CPU.Build.0 = Release|Any CPU
		{2A996F06-27FD-40D8-9DB6-A7608D73F40F}.Debug|Any CPU.ActiveCfg = Debug|Any CPU
		{2A996F06-27FD-40D8-9DB6-A7608D73F40F}.Debug|Any CPU.Build.0 = Debug|Any CPU
		{2A996F06-27FD-40D8-9DB6-A7608D73F40F}.Release|Any CPU.ActiveCfg = Release|Any CPU
		{2A996F06-27FD-40D8-9DB6-A7608D73F40F}.Release|Any CPU.Build.0 = Release|Any CPU
		{0C120126-7970-428B-B889-9640BA31AC72}.Debug|Any CPU.ActiveCfg = Debug|Any CPU
		{0C120126-7970-428B-B889-9640BA31AC72}.Debug|Any CPU.Build.0 = Debug|Any CPU
		{0C120126-7970-428B-B889-9640BA31AC72}.Release|Any CPU.ActiveCfg = Release|Any CPU
		{0C120126-7970-428B-B889-9640BA31AC72}.Release|Any CPU.Build.0 = Release|Any CPU
		{62A66D09-7D25-4A81-B288-72BC9C213516}.Debug|Any CPU.ActiveCfg = Debug|Any CPU
		{62A66D09-7D25-4A81-B288-72BC9C213516}.Debug|Any CPU.Build.0 = Debug|Any CPU
		{62A66D09-7D25-4A81-B288-72BC9C213516}.Release|Any CPU.ActiveCfg = Release|Any CPU
		{62A66D09-7D25-4A81-B288-72BC9C213516}.Release|Any CPU.Build.0 = Release|Any CPU
	EndGlobalSection
	GlobalSection(SolutionProperties) = preSolution
		HideSolutionNode = FALSE
	EndGlobalSection
	GlobalSection(ExtensibilityGlobals) = postSolution
		SolutionGuid = {302A4887-2736-4997-B41A-12BA5DAB5445}
	EndGlobalSection
EndGlobal
